<?xml version="1.0" encoding="utf-8"?>
<Project ToolsVersion="4.0" xmlns="http://schemas.microsoft.com/developer/msbuild/2003">
  <ItemGroup>
    <Filter Include="源文件">
      <UniqueIdentifier>{4FC737F1-C7A5-4376-A066-2A32D752A2FF}</UniqueIdentifier>
      <Extensions>cpp;c;cc;cxx;c++;cppm;ixx;def;odl;idl;hpj;bat;asm;asmx</Extensions>
    </Filter>
    <Filter Include="头文件">
      <UniqueIdentifier>{93995380-89BD-4b04-88EB-625FBE52EBFB}</UniqueIdentifier>
      <Extensions>h;hh;hpp;hxx;h++;hm;inl;inc;ipp;xsd</Extensions>
    </Filter>
    <Filter Include="资源文件">
      <UniqueIdentifier>{67DA6AB6-F800-4c08-8B7A-83BB121AAD01}</UniqueIdentifier>
      <Extensions>rc;ico;cur;bmp;dlg;rc2;rct;bin;rgs;gif;jpg;jpeg;jpe;resx;tiff;tif;png;wav;mfcribbon-ms</Extensions>
    </Filter>
    <Filter Include="源文件\第二章">
      <UniqueIdentifier>{4b58ac89-798b-48b0-a219-93a1cfc5004d}</UniqueIdentifier>
    </Filter>
    <Filter Include="源文件\第二章\编程练习">
      <UniqueIdentifier>{9a1048e7-9bc4-4e04-b376-753a70af07d9}</UniqueIdentifier>
    </Filter>
    <Filter Include="源文件\第三章">
      <UniqueIdentifier>{41fd9ee9-4a74-4b90-8445-3a5b95dafc1e}</UniqueIdentifier>
    </Filter>
    <Filter Include="源文件\第四章">
      <UniqueIdentifier>{27315a6a-b7dd-4d91-9fba-c164be7b5585}</UniqueIdentifier>
    </Filter>
    <Filter Include="源文件\第五章">
      <UniqueIdentifier>{d0b93eb6-201e-4dda-99bb-02cd1debd181}</UniqueIdentifier>
    </Filter>
    <Filter Include="源文件\第六章">
      <UniqueIdentifier>{14d0ddb8-719d-41e0-92f1-6275c839c5d8}</UniqueIdentifier>
    </Filter>
    <Filter Include="源文件\第七章">
      <UniqueIdentifier>{125a84ca-037b-4507-895c-8358db2d4699}</UniqueIdentifier>
    </Filter>
    <Filter Include="源文件\第八章">
      <UniqueIdentifier>{ada212b1-1eb0-4eb5-8902-003b06b5ac35}</UniqueIdentifier>
    </Filter>
    <Filter Include="头文件\第九章">
      <UniqueIdentifier>{4a15bad9-b03b-48f1-9427-60e961b78cf6}</UniqueIdentifier>
    </Filter>
    <Filter Include="源文件\第九章">
      <UniqueIdentifier>{06ba2901-0ef1-4f39-a4d0-d06028404903}</UniqueIdentifier>
    </Filter>
    <Filter Include="源文件\第十章">
      <UniqueIdentifier>{600177c2-ce5b-489d-bece-30404345a47c}</UniqueIdentifier>
    </Filter>
    <Filter Include="源文件\第十一章">
      <UniqueIdentifier>{89caf95a-6ba9-47d2-955a-37982ac17529}</UniqueIdentifier>
    </Filter>
    <Filter Include="源文件\第十二章">
      <UniqueIdentifier>{ec04eab6-ae40-4c41-b725-518bed18d287}</UniqueIdentifier>
    </Filter>
    <Filter Include="源文件\第十三章">
      <UniqueIdentifier>{07cd73bb-ed0b-4171-9a1f-bc9ac130ff45}</UniqueIdentifier>
    </Filter>
  </ItemGroup>
  <ItemGroup>
    <ClCompile Include="first2_1.c">
      <Filter>源文件\第二章</Filter>
    </ClCompile>
    <ClCompile Include="fathm_ft.c">
      <Filter>源文件\第二章</Filter>
    </ClCompile>
    <ClCompile Include="two_func.c">
      <Filter>源文件\第二章</Filter>
    </ClCompile>
    <ClCompile Include="printName.c">
      <Filter>源文件\第二章\编程练习</Filter>
    </ClCompile>
    <ClCompile Include="printNameAndAddress.c">
      <Filter>源文件\第二章\编程练习</Filter>
    </ClCompile>
    <ClCompile Include="convertAge2Days.c">
      <Filter>源文件\第二章\编程练习</Filter>
    </ClCompile>
    <ClCompile Include="platinum.c">
      <Filter>源文件\第三章</Filter>
    </ClCompile>
    <ClCompile Include="print1.c">
      <Filter>源文件\第三章</Filter>
    </ClCompile>
    <ClCompile Include="bases.c">
      <Filter>源文件\第三章</Filter>
    </ClCompile>
    <ClCompile Include="toobig.c">
      <Filter>源文件\第三章</Filter>
    </ClCompile>
    <ClCompile Include="print2.c">
      <Filter>源文件\第三章</Filter>
    </ClCompile>
    <ClCompile Include="charcode.c">
      <Filter>源文件\第三章</Filter>
    </ClCompile>
    <ClCompile Include="altnames.c">
      <Filter>源文件\第三章</Filter>
    </ClCompile>
    <ClCompile Include="talkback.c">
      <Filter>源文件\第四章</Filter>
    </ClCompile>
    <ClCompile Include="praise1.c">
      <Filter>源文件\第四章</Filter>
    </ClCompile>
    <ClCompile Include="praise2.c">
      <Filter>源文件\第四章</Filter>
    </ClCompile>
    <ClCompile Include="defines.c">
      <Filter>源文件\第四章</Filter>
    </ClCompile>
    <ClCompile Include="longstrg.c">
      <Filter>源文件\第四章</Filter>
    </ClCompile>
    <ClCompile Include="input.c">
      <Filter>源文件\第四章</Filter>
    </ClCompile>
    <ClCompile Include="varwid.c">
      <Filter>源文件\第四章</Filter>
    </ClCompile>
    <ClCompile Include="badcount.c">
      <Filter>源文件\第三章</Filter>
    </ClCompile>
    <ClCompile Include="escape.c">
      <Filter>源文件\第三章</Filter>
    </ClCompile>
    <ClCompile Include="floaterr.c">
      <Filter>源文件\第三章</Filter>
    </ClCompile>
    <ClCompile Include="showf_pt.c">
      <Filter>源文件\第三章</Filter>
    </ClCompile>
    <ClCompile Include="typesize.c">
      <Filter>源文件\第三章</Filter>
    </ClCompile>
    <ClCompile Include="work_3_4.c">
      <Filter>源文件\第三章</Filter>
    </ClCompile>
    <ClCompile Include="work_3_5.c">
      <Filter>源文件\第三章</Filter>
    </ClCompile>
    <ClCompile Include="work3_2.c">
      <Filter>源文件\第三章</Filter>
    </ClCompile>
    <ClCompile Include="work3_3.c">
      <Filter>源文件\第三章</Filter>
    </ClCompile>
    <ClCompile Include="work3_9.c">
      <Filter>源文件\第三章</Filter>
    </ClCompile>
    <ClCompile Include="work_4_8.c">
      <Filter>源文件\第四章</Filter>
    </ClCompile>
    <ClCompile Include="work_4_1.c">
      <Filter>源文件\第四章</Filter>
    </ClCompile>
    <ClCompile Include="work_4_2.c">
      <Filter>源文件\第四章</Filter>
    </ClCompile>
    <ClCompile Include="work_4_3.c">
      <Filter>源文件\第四章</Filter>
    </ClCompile>
    <ClCompile Include="work_4_4.c">
      <Filter>源文件\第四章</Filter>
    </ClCompile>
    <ClCompile Include="work_4_5.c">
      <Filter>源文件\第四章</Filter>
    </ClCompile>
    <ClCompile Include="work_4_6.c">
      <Filter>源文件\第四章</Filter>
    </ClCompile>
    <ClCompile Include="work_4_7.c">
      <Filter>源文件\第四章</Filter>
    </ClCompile>
    <ClCompile Include="convert.c">
      <Filter>源文件\第五章</Filter>
    </ClCompile>
    <ClCompile Include="CPrimerPlus.cpp">
      <Filter>源文件\第五章</Filter>
    </ClCompile>
    <ClCompile Include="divide.c">
      <Filter>源文件\第五章</Filter>
    </ClCompile>
    <ClCompile Include="min_sec.c">
      <Filter>源文件\第五章</Filter>
    </ClCompile>
    <ClCompile Include="post_pre.c">
      <Filter>源文件\第五章</Filter>
    </ClCompile>
    <ClCompile Include="pound.c">
      <Filter>源文件\第五章</Filter>
    </ClCompile>
    <ClCompile Include="review_5_6.c">
      <Filter>源文件\第五章</Filter>
    </ClCompile>
    <ClCompile Include="review_5_8.c">
      <Filter>源文件\第五章</Filter>
    </ClCompile>
    <ClCompile Include="review_5_9.c">
      <Filter>源文件\第五章</Filter>
    </ClCompile>
    <ClCompile Include="rules.c">
      <Filter>源文件\第五章</Filter>
    </ClCompile>
    <ClCompile Include="shoes1.c">
      <Filter>源文件\第五章</Filter>
    </ClCompile>
    <ClCompile Include="shoes2.c">
      <Filter>源文件\第五章</Filter>
    </ClCompile>
    <ClCompile Include="sizeof.c">
      <Filter>源文件\第五章</Filter>
    </ClCompile>
    <ClCompile Include="squares.c">
      <Filter>源文件\第五章</Filter>
    </ClCompile>
    <ClCompile Include="wheat.c">
      <Filter>源文件\第五章</Filter>
    </ClCompile>
    <ClCompile Include="work_5_1.c">
      <Filter>源文件\第五章</Filter>
    </ClCompile>
    <ClCompile Include="work_5_2.c">
      <Filter>源文件\第五章</Filter>
    </ClCompile>
    <ClCompile Include="work_5_3.c">
      <Filter>源文件\第五章</Filter>
    </ClCompile>
    <ClCompile Include="work_5_4.c">
      <Filter>源文件\第五章</Filter>
    </ClCompile>
    <ClCompile Include="work_5_5.c">
      <Filter>源文件\第五章</Filter>
    </ClCompile>
    <ClCompile Include="work_5_6.c">
      <Filter>源文件\第五章</Filter>
    </ClCompile>
    <ClCompile Include="work_5_7.c">
      <Filter>源文件\第五章</Filter>
    </ClCompile>
    <ClCompile Include="work_5_8.c">
      <Filter>源文件\第五章</Filter>
    </ClCompile>
    <ClCompile Include="work_5_9.c">
      <Filter>源文件\第五章</Filter>
    </ClCompile>
    <ClCompile Include="cmpflt.c">
      <Filter>源文件\第六章</Filter>
    </ClCompile>
    <ClCompile Include="power.c">
      <Filter>源文件\第六章</Filter>
    </ClCompile>
    <ClCompile Include="review_6_7_a.c">
      <Filter>源文件\第六章</Filter>
    </ClCompile>
    <ClCompile Include="review_6_8_a.c">
      <Filter>源文件\第六章</Filter>
    </ClCompile>
    <ClCompile Include="review_6_8_b.c">
      <Filter>源文件\第六章</Filter>
    </ClCompile>
    <ClCompile Include="scores_in.c">
      <Filter>源文件\第六章</Filter>
    </ClCompile>
    <ClCompile Include="work_6_1.c">
      <Filter>源文件\第六章</Filter>
    </ClCompile>
    <ClCompile Include="work_6_2.c">
      <Filter>源文件\第六章</Filter>
    </ClCompile>
    <ClCompile Include="work_6_3.c">
      <Filter>源文件\第六章</Filter>
    </ClCompile>
    <ClCompile Include="work_6_4.c">
      <Filter>源文件\第六章</Filter>
    </ClCompile>
    <ClCompile Include="work_6_5.c">
      <Filter>源文件\第六章</Filter>
    </ClCompile>
    <ClCompile Include="work_6_6.c">
      <Filter>源文件\第六章</Filter>
    </ClCompile>
    <ClCompile Include="work_6_7.c">
      <Filter>源文件\第六章</Filter>
    </ClCompile>
    <ClCompile Include="work_6_8.c">
      <Filter>源文件\第六章</Filter>
    </ClCompile>
    <ClCompile Include="work_6_9.c">
      <Filter>源文件\第六章</Filter>
    </ClCompile>
    <ClCompile Include="work_6_10.c">
      <Filter>源文件\第六章</Filter>
    </ClCompile>
    <ClCompile Include="work_6_11.c">
      <Filter>源文件\第六章</Filter>
    </ClCompile>
    <ClCompile Include="work_6_12.c">
      <Filter>源文件\第六章</Filter>
    </ClCompile>
    <ClCompile Include="work_6_13.c">
      <Filter>源文件\第六章</Filter>
    </ClCompile>
    <ClCompile Include="work_6_14.c">
      <Filter>源文件\第六章</Filter>
    </ClCompile>
    <ClCompile Include="work_6_15.c">
      <Filter>源文件\第六章</Filter>
    </ClCompile>
    <ClCompile Include="work_6_16.c">
      <Filter>源文件\第六章</Filter>
    </ClCompile>
    <ClCompile Include="work_6_17.c">
      <Filter>源文件\第六章</Filter>
    </ClCompile>
    <ClCompile Include="work_6_18.c">
      <Filter>源文件\第六章</Filter>
    </ClCompile>
    <ClCompile Include="work_7_11.c">
      <Filter>源文件\第七章</Filter>
    </ClCompile>
    <ClCompile Include="work_7_1.c">
      <Filter>源文件\第七章</Filter>
    </ClCompile>
    <ClCompile Include="work_7_2.c">
      <Filter>源文件\第七章</Filter>
    </ClCompile>
    <ClCompile Include="work_7_3.c">
      <Filter>源文件\第七章</Filter>
    </ClCompile>
    <ClCompile Include="work_7_4.c">
      <Filter>源文件\第七章</Filter>
    </ClCompile>
    <ClCompile Include="work_7_6.c">
      <Filter>源文件\第七章</Filter>
    </ClCompile>
    <ClCompile Include="work_7_7.c">
      <Filter>源文件\第七章</Filter>
    </ClCompile>
    <ClCompile Include="work_7_8.c">
      <Filter>源文件\第七章</Filter>
    </ClCompile>
    <ClCompile Include="work_7_9.c">
      <Filter>源文件\第七章</Filter>
    </ClCompile>
    <ClCompile Include="work_7_10.c">
      <Filter>源文件\第七章</Filter>
    </ClCompile>
    <ClCompile Include="wordcnt.c">
      <Filter>源文件\第七章</Filter>
    </ClCompile>
    <ClCompile Include="skippart.c">
      <Filter>源文件\第七章</Filter>
    </ClCompile>
    <ClCompile Include="animals.c">
      <Filter>源文件\第七章</Filter>
    </ClCompile>
    <ClCompile Include="break.c">
      <Filter>源文件\第七章</Filter>
    </ClCompile>
    <ClCompile Include="cyper2.c">
      <Filter>源文件\第七章</Filter>
    </ClCompile>
    <ClCompile Include="cypher1.c">
      <Filter>源文件\第七章</Filter>
    </ClCompile>
    <ClCompile Include="electric.c">
      <Filter>源文件\第七章</Filter>
    </ClCompile>
    <ClCompile Include="paint.c">
      <Filter>源文件\第七章</Filter>
    </ClCompile>
    <ClCompile Include="checking.c">
      <Filter>源文件\第八章</Filter>
    </ClCompile>
    <ClCompile Include="echo.c">
      <Filter>源文件\第八章</Filter>
    </ClCompile>
    <ClCompile Include="echo_eof.c">
      <Filter>源文件\第八章</Filter>
    </ClCompile>
    <ClCompile Include="file_eof.c">
      <Filter>源文件\第八章</Filter>
    </ClCompile>
    <ClCompile Include="guess.c">
      <Filter>源文件\第八章</Filter>
    </ClCompile>
    <ClCompile Include="review_8_3.c">
      <Filter>源文件\第八章</Filter>
    </ClCompile>
    <ClCompile Include="showchar1.c">
      <Filter>源文件\第八章</Filter>
    </ClCompile>
    <ClCompile Include="work_8_1.c">
      <Filter>源文件\第八章</Filter>
    </ClCompile>
    <ClCompile Include="work_8_2.c">
      <Filter>源文件\第八章</Filter>
    </ClCompile>
    <ClCompile Include="work_8_3.c">
      <Filter>源文件\第八章</Filter>
    </ClCompile>
    <ClCompile Include="work_8_4.c">
      <Filter>源文件\第八章</Filter>
    </ClCompile>
    <ClCompile Include="work_8_5.c">
      <Filter>源文件\第八章</Filter>
    </ClCompile>
    <ClCompile Include="work_8_6.c">
      <Filter>源文件\第八章</Filter>
    </ClCompile>
    <ClCompile Include="work_8_8.c">
      <Filter>源文件\第八章</Filter>
    </ClCompile>
    <ClCompile Include="binary.c">
      <Filter>源文件\第九章</Filter>
    </ClCompile>
    <ClCompile Include="factor.c">
      <Filter>源文件\第九章</Filter>
    </ClCompile>
    <ClCompile Include="hotel.c">
      <Filter>源文件\第九章</Filter>
    </ClCompile>
    <ClCompile Include="lesser.c">
      <Filter>源文件\第九章</Filter>
    </ClCompile>
    <ClCompile Include="lethead1.c">
      <Filter>源文件\第九章</Filter>
    </ClCompile>
    <ClCompile Include="lethead2.c">
      <Filter>源文件\第九章</Filter>
    </ClCompile>
    <ClCompile Include="recur.c">
      <Filter>源文件\第九章</Filter>
    </ClCompile>
    <ClCompile Include="review_9_9.c">
      <Filter>源文件\第九章</Filter>
    </ClCompile>
    <ClCompile Include="swap3.c">
      <Filter>源文件\第九章</Filter>
    </ClCompile>
    <ClCompile Include="usehotel.c">
      <Filter>源文件\第九章</Filter>
    </ClCompile>
    <ClCompile Include="work_9_1.c">
      <Filter>源文件\第九章</Filter>
    </ClCompile>
    <ClCompile Include="work_9_2.c">
      <Filter>源文件\第九章</Filter>
    </ClCompile>
    <ClCompile Include="work_9_3.c">
      <Filter>源文件\第九章</Filter>
    </ClCompile>
    <ClCompile Include="work_9_4.c">
      <Filter>源文件\第九章</Filter>
    </ClCompile>
    <ClCompile Include="work_9_5.c">
      <Filter>源文件\第九章</Filter>
    </ClCompile>
    <ClCompile Include="work_9_6.c">
      <Filter>源文件\第九章</Filter>
    </ClCompile>
    <ClCompile Include="work_9_7.c">
      <Filter>源文件\第九章</Filter>
    </ClCompile>
    <ClCompile Include="work_9_10.c">
      <Filter>源文件\第九章</Filter>
    </ClCompile>
    <ClCompile Include="array2d.c">
      <Filter>源文件\第十章</Filter>
    </ClCompile>
    <ClCompile Include="bounds.c">
      <Filter>源文件\第十章</Filter>
    </ClCompile>
    <ClCompile Include="flc.c">
      <Filter>源文件\第十章</Filter>
    </ClCompile>
    <ClCompile Include="ptr_ops.c">
      <Filter>源文件\第十章</Filter>
    </ClCompile>
    <ClCompile Include="vararr2d.c">
      <Filter>源文件\第十章</Filter>
    </ClCompile>
    <ClCompile Include="zippo1.c">
      <Filter>源文件\第十章</Filter>
    </ClCompile>
    <ClCompile Include="zippo2.c">
      <Filter>源文件\第十章</Filter>
    </ClCompile>
    <ClCompile Include="rain.c">
      <Filter>源文件\第十章</Filter>
    </ClCompile>
    <ClCompile Include="work_10_1.c">
      <Filter>源文件\第十章</Filter>
    </ClCompile>
    <ClCompile Include="work_10_2.c">
      <Filter>源文件\第十章</Filter>
    </ClCompile>
    <ClCompile Include="work_10_3.c">
      <Filter>源文件\第十章</Filter>
    </ClCompile>
    <ClCompile Include="work_10_4.c">
      <Filter>源文件\第十章</Filter>
    </ClCompile>
    <ClCompile Include="work_10_5.c">
      <Filter>源文件\第十章</Filter>
    </ClCompile>
    <ClCompile Include="work_10_6.c">
      <Filter>源文件\第十章</Filter>
    </ClCompile>
    <ClCompile Include="work_10_7.c">
      <Filter>源文件\第十章</Filter>
    </ClCompile>
    <ClCompile Include="work_10_8.c">
      <Filter>源文件\第十章</Filter>
    </ClCompile>
    <ClCompile Include="work_10_9.c">
      <Filter>源文件\第十章</Filter>
    </ClCompile>
    <ClCompile Include="work_10_10.c">
      <Filter>源文件\第十章</Filter>
    </ClCompile>
    <ClCompile Include="work_10_11.c">
      <Filter>源文件\第十章</Filter>
    </ClCompile>
    <ClCompile Include="work_10_12.c">
      <Filter>源文件\第十章</Filter>
    </ClCompile>
    <ClCompile Include="work_10_13.c">
      <Filter>源文件\第十章</Filter>
    </ClCompile>
    <ClCompile Include="work2_4.c">
      <Filter>源文件\第十章</Filter>
    </ClCompile>
    <ClCompile Include="work2_5.c">
      <Filter>源文件\第十章</Filter>
    </ClCompile>
    <ClCompile Include="work2_6.c">
      <Filter>源文件\第十章</Filter>
    </ClCompile>
    <ClCompile Include="work2_7.c">
      <Filter>源文件\第十章</Filter>
    </ClCompile>
    <ClCompile Include="work2_8.c">
      <Filter>源文件\第十章</Filter>
    </ClCompile>
    <ClCompile Include="work_11_1.c">
      <Filter>源文件\第十一章</Filter>
    </ClCompile>
    <ClCompile Include="work_11_2.c">
      <Filter>源文件\第十一章</Filter>
    </ClCompile>
    <ClCompile Include="work_11_3.c">
      <Filter>源文件\第十一章</Filter>
    </ClCompile>
    <ClCompile Include="work_11_4.c">
      <Filter>源文件\第十一章</Filter>
    </ClCompile>
    <ClCompile Include="work_11_5.c">
      <Filter>源文件\第十一章</Filter>
    </ClCompile>
    <ClCompile Include="review_11_9.c">
      <Filter>源文件\第十一章</Filter>
    </ClCompile>
    <ClCompile Include="review_11_10.c">
      <Filter>源文件\第十一章</Filter>
    </ClCompile>
    <ClCompile Include="addresses.c">
      <Filter>源文件\第十一章</Filter>
    </ClCompile>
    <ClCompile Include="arrchar.c">
      <Filter>源文件\第十一章</Filter>
    </ClCompile>
    <ClCompile Include="comback.c">
      <Filter>源文件\第十一章</Filter>
    </ClCompile>
    <ClCompile Include="copy1.c">
      <Filter>源文件\第十一章</Filter>
    </ClCompile>
    <ClCompile Include="copy2.c">
      <Filter>源文件\第十一章</Filter>
    </ClCompile>
    <ClCompile Include="copy3.c">
      <Filter>源文件\第十一章</Filter>
    </ClCompile>
    <ClCompile Include="fgets1.c">
      <Filter>源文件\第十一章</Filter>
    </ClCompile>
    <ClCompile Include="fgets2.c">
      <Filter>源文件\第十一章</Filter>
    </ClCompile>
    <ClCompile Include="fgets3.c">
      <Filter>源文件\第十一章</Filter>
    </ClCompile>
    <ClCompile Include="test_fit.c">
      <Filter>源文件\第十一章</Filter>
    </ClCompile>
    <ClCompile Include="strptr.c">
      <Filter>源文件\第十一章</Filter>
    </ClCompile>
    <ClCompile Include="strings.c">
      <Filter>源文件\第十一章</Filter>
    </ClCompile>
    <ClCompile Include="strcnvt.c">
      <Filter>源文件\第十一章</Filter>
    </ClCompile>
    <ClCompile Include="str_cat.c">
      <Filter>源文件\第十一章</Filter>
    </ClCompile>
    <ClCompile Include="starsrch.c">
      <Filter>源文件\第十一章</Filter>
    </ClCompile>
    <ClCompile Include="sort_str.c">
      <Filter>源文件\第十一章</Filter>
    </ClCompile>
    <ClCompile Include="scan_str.c">
      <Filter>源文件\第十一章</Filter>
    </ClCompile>
    <ClCompile Include="s_gets.c">
      <Filter>源文件\第十一章</Filter>
    </ClCompile>
    <ClCompile Include="format.c">
      <Filter>源文件\第十一章</Filter>
    </ClCompile>
    <ClCompile Include="hello.c">
      <Filter>源文件\第十一章</Filter>
    </ClCompile>
    <ClCompile Include="put_1_2.c">
      <Filter>源文件\第十一章</Filter>
    </ClCompile>
    <ClCompile Include="put_out.c">
      <Filter>源文件\第十一章</Filter>
    </ClCompile>
    <ClCompile Include="put_put.c">
      <Filter>源文件\第十一章</Filter>
    </ClCompile>
    <ClCompile Include="getsputs.c">
      <Filter>源文件\第十一章</Filter>
    </ClCompile>
    <ClCompile Include="repeat.c">
      <Filter>源文件\第十一章</Filter>
    </ClCompile>
    <ClCompile Include="mod_str.c">
      <Filter>源文件\第十一章</Filter>
    </ClCompile>
    <ClCompile Include="join_chk.c">
      <Filter>源文件\第十一章</Filter>
    </ClCompile>
    <ClCompile Include="dyn_arr.c">
      <Filter>源文件\第十二章</Filter>
    </ClCompile>
    <ClCompile Include="global.c">
      <Filter>源文件\第十二章</Filter>
    </ClCompile>
    <ClCompile Include="nogo.c">
      <Filter>源文件\第十二章</Filter>
    </ClCompile>
    <ClCompile Include="r_drive0.c">
      <Filter>源文件\第十二章</Filter>
    </ClCompile>
    <ClCompile Include="r_drive1.c">
      <Filter>源文件\第十二章</Filter>
    </ClCompile>
    <ClCompile Include="rand0.c">
      <Filter>源文件\第十二章</Filter>
    </ClCompile>
    <ClCompile Include="work_12_1.c">
      <Filter>源文件\第十二章</Filter>
    </ClCompile>
    <ClCompile Include="work_12_2_a.c">
      <Filter>源文件\第十二章</Filter>
    </ClCompile>
    <ClCompile Include="work_12_2_b.c">
      <Filter>源文件\第十二章</Filter>
    </ClCompile>
    <ClCompile Include="work_12_4.c">
      <Filter>源文件\第十二章</Filter>
    </ClCompile>
    <ClCompile Include="work_12_5.c">
      <Filter>源文件\第十二章</Filter>
    </ClCompile>
    <ClCompile Include="work_12_6.c">
      <Filter>源文件\第十二章</Filter>
    </ClCompile>
    <ClCompile Include="addaword.c">
      <Filter>源文件\第十三章</Filter>
    </ClCompile>
    <ClCompile Include="append.c">
      <Filter>源文件\第十三章</Filter>
    </ClCompile>
    <ClCompile Include="count.c">
      <Filter>源文件\第十三章</Filter>
    </ClCompile>
    <ClCompile Include="reducto.c">
      <Filter>源文件\第十三章</Filter>
    </ClCompile>
    <ClCompile Include="reverse.c">
      <Filter>源文件\第十三章</Filter>
    </ClCompile>
  </ItemGroup>
  <ItemGroup>
    <ClInclude Include="hotel.h">
      <Filter>头文件\第九章</Filter>
    </ClInclude>
    <ClInclude Include="s_gets.h">
      <Filter>头文件</Filter>
    </ClInclude>
    <ClInclude Include="work_12_2_a.h">
      <Filter>头文件</Filter>
    </ClInclude>
  </ItemGroup>
</Project>